
Microsoft Visual Studio Solution File, Format Version 12.00
# Visual Studio 15
VisualStudioVersion = 15.0.28010.2036
MinimumVisualStudioVersion = 10.0.40219.1
Project("{FAE04EC0-301F-11D3-BF4B-00C04F79EFBC}") = "App", "App.csproj", "{02586A8A-9546-48D2-B07A-DFC53D26EDC8}"
EndProject
Global
	GlobalSection(SolutionConfigurationPlatforms) = preSolution
		Debug|Any CPU = Debug|Any CPU
		Release|Any CPU = Release|Any CPU
	EndGlobalSection
	GlobalSection(ProjectConfigurationPlatforms) = postSolution
		{02586A8A-9546-48D2-B07A-DFC53D26EDC8}.Debug|Any CPU.ActiveCfg = Debug|Any CPU
		{02586A8A-9546-48D2-B07A-DFC53D26EDC8}.Debug|Any CPU.Build.0 = Debug|Any CPU
		{02586A8A-9546-48D2-B07A-DFC53D26EDC8}.Release|Any CPU.ActiveCfg = Release|Any CPU
		{02586A8A-9546-48D2-B07A-DFC53D26EDC8}.Release|Any CPU.Build.0 = Release|Any CPU
	EndGlobalSection
	GlobalSection(SolutionProperties) = preSolution
		HideSolutionNode = FALSE
	EndGlobalSection
	GlobalSection(ExtensibilityGlobals) = postSolution
		SolutionGuid = {3B6024D5-3B88-499A-BA47-6470B0E3C08F}
	EndGlobalSection
EndGlobal
